
Microsoft Visual Studio Solution File, Format Version 12.00
# Visual Studio 15
VisualStudioVersion = 15.0.28010.2046
MinimumVisualStudioVersion = 10.0.40219.1
Project("{FAE04EC0-301F-11D3-BF4B-00C04F79EFBC}") = "CombatDummyMod", "CombatDummyMod\CombatDummyMod.csproj", "{D8659606-DECE-48AC-A52C-0C19E6F70AFF}"
EndProject
Global
	GlobalSection(SolutionConfigurationPlatforms) = preSolution
		Debug|Any CPU = Debug|Any CPU
		Release|Any CPU = Release|Any CPU
	EndGlobalSection
	GlobalSection(ProjectConfigurationPlatforms) = postSolution
		{D8659606-DECE-48AC-A52C-0C19E6F70AFF}.Debug|Any CPU.ActiveCfg = Debug|Any CPU
		{D8659606-DECE-48AC-A52C-0C19E6F70AFF}.Debug|Any CPU.Build.0 = Debug|Any CPU
		{D8659606-DECE-48AC-A52C-0C19E6F70AFF}.Release|Any CPU.ActiveCfg = Release|Any CPU
		{D8659606-DECE-48AC-A52C-0C19E6F70AFF}.Release|Any CPU.Build.0 = Release|Any CPU
	EndGlobalSection
	GlobalSection(SolutionProperties) = preSolution
		HideSolutionNode = FALSE
	EndGlobalSection
	GlobalSection(ExtensibilityGlobals) = postSolution
		SolutionGuid = {972A8D9D-0D55-4C6D-91F7-E113C9B8176A}
	EndGlobalSection
EndGlobal
